
Microsoft Visual Studio Solution File, Format Version 12.00
# Visual Studio 2013
VisualStudioVersion = 12.0.21005.1
MinimumVisualStudioVersion = 10.0.40219.1
Project("{FAE04EC0-301F-11D3-BF4B-00C04F79EFBC}") = "HaarObjectMarker", "HaarObjectMarker\HaarObjectMarker.csproj", "{CE525F57-0620-495F-B831-87EC714158AD}"
EndProject
Global
	GlobalSection(SolutionConfigurationPlatforms) = preSolution
		Debug|Any CPU = Debug|Any CPU
		Release|Any CPU = Release|Any CPU
	EndGlobalSection
	GlobalSection(ProjectConfigurationPlatforms) = postSolution
		{CE525F57-0620-495F-B831-87EC714158AD}.Debug|Any CPU.ActiveCfg = Debug|Any CPU
		{CE525F57-0620-495F-B831-87EC714158AD}.Debug|Any CPU.Build.0 = Debug|Any CPU
		{CE525F57-0620-495F-B831-87EC714158AD}.Release|Any CPU.ActiveCfg = Release|Any CPU
		{CE525F57-0620-495F-B831-87EC714158AD}.Release|Any CPU.Build.0 = Release|Any CPU
	EndGlobalSection
	GlobalSection(SolutionProperties) = preSolution
		HideSolutionNode = FALSE
	EndGlobalSection
EndGlobal
